
Microsoft Visual Studio Solution File, Format Version 12.00
# Visual Studio Version 16
VisualStudioVersion = 16.0.30002.166
MinimumVisualStudioVersion = 10.0.40219.1
Project("{9A19103F-16F7-4668-BE54-9A1E7A4F7556}") = "FNTTools", "FNTTools\FNTTools.csproj", "{DD2D6E52-9D2A-4995-ABE9-40087A4AB60B}"
EndProject
Project("{FAE04EC0-301F-11D3-BF4B-00C04F79EFBC}") = "FNTTools.Tests", "FNTTools.Tests\FNTTools.Tests.csproj", "{35F095C0-18C7-42AA-90B8-7CC0A7C001B0}"
EndProject
Global
	GlobalSection(SolutionConfigurationPlatforms) = preSolution
		Debug|Any CPU = Debug|Any CPU
		Release|Any CPU = Release|Any CPU
	EndGlobalSection
	GlobalSection(ProjectConfigurationPlatforms) = postSolution
		{DD2D6E52-9D2A-4995-ABE9-40087A4AB60B}.Debug|Any CPU.ActiveCfg = Debug|Any CPU
		{DD2D6E52-9D2A-4995-ABE9-40087A4AB60B}.Debug|Any CPU.Build.0 = Debug|Any CPU
		{DD2D6E52-9D2A-4995-ABE9-40087A4AB60B}.Release|Any CPU.ActiveCfg = Release|Any CPU
		{DD2D6E52-9D2A-4995-ABE9-40087A4AB60B}.Release|Any CPU.Build.0 = Release|Any CPU
		{35F095C0-18C7-42AA-90B8-7CC0A7C001B0}.Debug|Any CPU.ActiveCfg = Debug|Any CPU
		{35F095C0-18C7-42AA-90B8-7CC0A7C001B0}.Debug|Any CPU.Build.0 = Debug|Any CPU
		{35F095C0-18C7-42AA-90B8-7CC0A7C001B0}.Release|Any CPU.ActiveCfg = Release|Any CPU
		{35F095C0-18C7-42AA-90B8-7CC0A7C001B0}.Release|Any CPU.Build.0 = Release|Any CPU
	EndGlobalSection
	GlobalSection(SolutionProperties) = preSolution
		HideSolutionNode = FALSE
	EndGlobalSection
	GlobalSection(ExtensibilityGlobals) = postSolution
		SolutionGuid = {1029AE30-5252-4ABE-9A7C-1E9D4C5AEFD9}
	EndGlobalSection
EndGlobal
