
Microsoft Visual Studio Solution File, Format Version 12.00
# Visual Studio 15
VisualStudioVersion = 15.0.28307.168
MinimumVisualStudioVersion = 10.0.40219.1
Project("{FAE04EC0-301F-11D3-BF4B-00C04F79EFBC}") = "FNTTools", "FNTTools\FNTTools.csproj", "{DD2D6E52-9D2A-4995-ABE9-40087A4AB60B}"
EndProject
Global
	GlobalSection(SolutionConfigurationPlatforms) = preSolution
		Debug|Any CPU = Debug|Any CPU
		Release|Any CPU = Release|Any CPU
	EndGlobalSection
	GlobalSection(ProjectConfigurationPlatforms) = postSolution
		{DD2D6E52-9D2A-4995-ABE9-40087A4AB60B}.Debug|Any CPU.ActiveCfg = Debug|Any CPU
		{DD2D6E52-9D2A-4995-ABE9-40087A4AB60B}.Debug|Any CPU.Build.0 = Debug|Any CPU
		{DD2D6E52-9D2A-4995-ABE9-40087A4AB60B}.Release|Any CPU.ActiveCfg = Release|Any CPU
		{DD2D6E52-9D2A-4995-ABE9-40087A4AB60B}.Release|Any CPU.Build.0 = Release|Any CPU
	EndGlobalSection
	GlobalSection(SolutionProperties) = preSolution
		HideSolutionNode = FALSE
	EndGlobalSection
	GlobalSection(ExtensibilityGlobals) = postSolution
		SolutionGuid = {1029AE30-5252-4ABE-9A7C-1E9D4C5AEFD9}
	EndGlobalSection
EndGlobal
